
Microsoft Visual Studio Solution File, Format Version 12.00
# Visual Studio 2012
Project("{F184B08F-C81C-45F6-A57F-5ABD9991F28F}") = "EncryptarContraseñasEnVisual", "EncryptarContraseñasEnVisual\EncryptarContraseñasEnVisual.vbproj", "{7376993E-2324-4C9D-89FE-C703E4C6B7AD}"
EndProject
Global
	GlobalSection(SolutionConfigurationPlatforms) = preSolution
		Debug|Any CPU = Debug|Any CPU
		Release|Any CPU = Release|Any CPU
	EndGlobalSection
	GlobalSection(ProjectConfigurationPlatforms) = postSolution
		{7376993E-2324-4C9D-89FE-C703E4C6B7AD}.Debug|Any CPU.ActiveCfg = Debug|Any CPU
		{7376993E-2324-4C9D-89FE-C703E4C6B7AD}.Debug|Any CPU.Build.0 = Debug|Any CPU
		{7376993E-2324-4C9D-89FE-C703E4C6B7AD}.Release|Any CPU.ActiveCfg = Release|Any CPU
		{7376993E-2324-4C9D-89FE-C703E4C6B7AD}.Release|Any CPU.Build.0 = Release|Any CPU
	EndGlobalSection
	GlobalSection(SolutionProperties) = preSolution
		HideSolutionNode = FALSE
	EndGlobalSection
EndGlobal
